PODS:
  - Expecta (1.0.6)
  - GLInterop (0.1.0)
  - Specta (1.0.7)

DEPENDENCIES:
  - Expecta
  - GLInterop (from `../`)
  - Specta

SPEC REPOS:
  https://github.com/cocoapods/specs.git:
    - Expecta
    - Specta

EXTERNAL SOURCES:
  GLInterop:
    :path: "../"

SPEC CHECKSUMS:
  Expecta: 3b6bd90a64b9a1dcb0b70aa0e10a7f8f631667d5
  GLInterop: c97cf47e438b1fd0b008bde6a855c864556a59ed
  Specta: 3e1bd89c3517421982dc4d1c992503e48bd5fe66

PODFILE CHECKSUM: c9f0810c395d0bd15c39c218fb901ef61c951ca0

COCOAPODS: 1.6.1
