PODS:
  - Expecta (1.0.6)
  - GLInterop (1.3.2)
  - Specta (1.0.7)

DEPENDENCIES:
  - Expecta
  - GLInterop (from `../`)
  - Specta

SPEC REPOS:
  https://github.com/CocoaPods/Specs.git:
    - Expecta
    - Specta

EXTERNAL SOURCES:
  GLInterop:
    :path: "../"

SPEC CHECKSUMS:
  Expecta: 3b6bd90a64b9a1dcb0b70aa0e10a7f8f631667d5
  GLInterop: 13e6c532c64c4e994fa4b9898f678e0ab64c86d7
  Specta: 3e1bd89c3517421982dc4d1c992503e48bd5fe66

PODFILE CHECKSUM: 9a3d17de8ff534456243bc6fb9432a5dce157bae

COCOAPODS: 1.9.1
